Microsoft Visual Studio Solution File, Format Version 11.00
# Visual Studio 2008

Project("{2E229B2D-AF99-D4E0-56EA-2E781FC5BB14}") = "Mittspel", "Assembly-CSharp-firstpass-vs.csproj", "{1A6C37EF-D79B-D1FB-7A24-DEC21D4D7D3D}"
EndProject
Project("{2E229B2D-AF99-D4E0-56EA-2E781FC5BB14}") = "Mittspel", "Assembly-CSharp-vs.csproj", "{B3B78404-F1F4-ABBA-3C06-39FF26325BA0}"
EndProject
Global
	GlobalSection(SolutionConfigurationPlatforms) = preSolution
		Debug|Any CPU = Debug|Any CPU
		Release|Any CPU = Release|Any CPU
	EndGlobalSection
	GlobalSection(ProjectConfigurationPlatforms) = postSolution
		{1A6C37EF-D79B-D1FB-7A24-DEC21D4D7D3D}.Debug|Any CPU.ActiveCfg = Debug|Any CPU
		{1A6C37EF-D79B-D1FB-7A24-DEC21D4D7D3D}.Debug|Any CPU.Build.0 = Debug|Any CPU
		{1A6C37EF-D79B-D1FB-7A24-DEC21D4D7D3D}.Release|Any CPU.ActiveCfg = Release|Any CPU
		{1A6C37EF-D79B-D1FB-7A24-DEC21D4D7D3D}.Release|Any CPU.Build.0 = Release|Any CPU
		{B3B78404-F1F4-ABBA-3C06-39FF26325BA0}.Debug|Any CPU.ActiveCfg = Debug|Any CPU
		{B3B78404-F1F4-ABBA-3C06-39FF26325BA0}.Debug|Any CPU.Build.0 = Debug|Any CPU
		{B3B78404-F1F4-ABBA-3C06-39FF26325BA0}.Release|Any CPU.ActiveCfg = Release|Any CPU
		{B3B78404-F1F4-ABBA-3C06-39FF26325BA0}.Release|Any CPU.Build.0 = Release|Any CPU
	EndGlobalSection
	GlobalSection(SolutionProperties) = preSolution
		HideSolutionNode = FALSE
	EndGlobalSection
			GlobalSection(MonoDevelopProperties) = preSolution
		StartupItem = Assembly-CSharp.csproj
		Policies = $0
		$0.TextStylePolicy = $1
		$1.inheritsSet = null
		$1.scope = text/x-csharp
		$0.CSharpFormattingPolicy = $2
		$2.inheritsSet = Mono
		$2.inheritsScope = text/x-csharp
		$2.scope = text/x-csharp
		$0.TextStylePolicy = $3
		$3.FileWidth = 120
		$3.TabWidth = 4
		$3.EolMarker = Unix
		$3.inheritsSet = Mono
		$3.inheritsScope = text/plain
		$3.scope = text/plain
	EndGlobalSection

EndGlobal
